
Microsoft Visual Studio Solution File, Format Version 12.00
# Visual Studio Version 16
VisualStudioVersion = 16.0.30804.86
MinimumVisualStudioVersion = 10.0.40219.1
Project("{9A19103F-16F7-4668-BE54-9A1E7A4F7556}") = "KampIntro", "KampIntro\KampIntro.csproj", "{7B70004E-A5C8-48B9-85C4-322EB4FAB497}"
EndProject
Project("{9A19103F-16F7-4668-BE54-9A1E7A4F7556}") = "Donguler", "Donguler\Donguler.csproj", "{67BBF443-54F7-4BA3-835B-49C08CD2FFBE}"
EndProject
Project("{9A19103F-16F7-4668-BE54-9A1E7A4F7556}") = "ClassIntro", "ClassIntro\ClassIntro.csproj", "{16604BA5-89C1-4FBE-AE08-FE32E20C21F1}"
EndProject
Project("{9A19103F-16F7-4668-BE54-9A1E7A4F7556}") = "Metotlar", "Metotlar\Metotlar.csproj", "{42E43219-37B4-4872-AADD-87120FAFBCB4}"
EndProject
Project("{9A19103F-16F7-4668-BE54-9A1E7A4F7556}") = "Matematik", "Matematik\Matematik.csproj", "{D7232E39-D001-4BB2-85B8-AC4DB735F5FA}"
EndProject
Project("{9A19103F-16F7-4668-BE54-9A1E7A4F7556}") = "DegerVeReferansTipler", "DegerVeReferansTipler\DegerVeReferansTipler.csproj", "{DA601F48-0234-47EB-8670-D6A0F12CDB6C}"
EndProject
Project("{9A19103F-16F7-4668-BE54-9A1E7A4F7556}") = "OOP1", "OOP1\OOP1.csproj", "{B92DC53B-AC13-4E8D-9315-D4C0FE7DF2B2}"
EndProject
Project("{9A19103F-16F7-4668-BE54-9A1E7A4F7556}") = "Koleksiyonlar", "Koleksiyonlar\Koleksiyonlar.csproj", "{9C5A96F2-75F3-458A-99D5-620224AF3794}"
EndProject
Project("{9A19103F-16F7-4668-BE54-9A1E7A4F7556}") = "GenericsIntro", "GenericsIntro\GenericsIntro.csproj", "{31AF6E65-6091-4D58-8D6A-EE713F97C700}"
EndProject
Project("{FAE04EC0-301F-11D3-BF4B-00C04F79EFBC}") = "OOP2", "OOP2\OOP2.csproj", "{DA0B5036-5C78-493E-8D2D-A8634348BFCD}"
EndProject
Project("{FAE04EC0-301F-11D3-BF4B-00C04F79EFBC}") = "OOP3", "OOP3\OOP3.csproj", "{1EDC391E-F85C-44A9-A80E-7B1E64D99334}"
EndProject
Global
	GlobalSection(SolutionConfigurationPlatforms) = preSolution
		Debug|Any CPU = Debug|Any CPU
		Release|Any CPU = Release|Any CPU
	EndGlobalSection
	GlobalSection(ProjectConfigurationPlatforms) = postSolution
		{7B70004E-A5C8-48B9-85C4-322EB4FAB497}.Debug|Any CPU.ActiveCfg = Debug|Any CPU
		{7B70004E-A5C8-48B9-85C4-322EB4FAB497}.Debug|Any CPU.Build.0 = Debug|Any CPU
		{7B70004E-A5C8-48B9-85C4-322EB4FAB497}.Release|Any CPU.ActiveCfg = Release|Any CPU
		{7B70004E-A5C8-48B9-85C4-322EB4FAB497}.Release|Any CPU.Build.0 = Release|Any CPU
		{67BBF443-54F7-4BA3-835B-49C08CD2FFBE}.Debug|Any CPU.ActiveCfg = Debug|Any CPU
		{67BBF443-54F7-4BA3-835B-49C08CD2FFBE}.Debug|Any CPU.Build.0 = Debug|Any CPU
		{67BBF443-54F7-4BA3-835B-49C08CD2FFBE}.Release|Any CPU.ActiveCfg = Release|Any CPU
		{67BBF443-54F7-4BA3-835B-49C08CD2FFBE}.Release|Any CPU.Build.0 = Release|Any CPU
		{16604BA5-89C1-4FBE-AE08-FE32E20C21F1}.Debug|Any CPU.ActiveCfg = Debug|Any CPU
		{16604BA5-89C1-4FBE-AE08-FE32E20C21F1}.Debug|Any CPU.Build.0 = Debug|Any CPU
		{16604BA5-89C1-4FBE-AE08-FE32E20C21F1}.Release|Any CPU.ActiveCfg = Release|Any CPU
		{16604BA5-89C1-4FBE-AE08-FE32E20C21F1}.Release|Any CPU.Build.0 = Release|Any CPU
		{42E43219-37B4-4872-AADD-87120FAFBCB4}.Debug|Any CPU.ActiveCfg = Debug|Any CPU
		{42E43219-37B4-4872-AADD-87120FAFBCB4}.Debug|Any CPU.Build.0 = Debug|Any CPU
		{42E43219-37B4-4872-AADD-87120FAFBCB4}.Release|Any CPU.ActiveCfg = Release|Any CPU
		{42E43219-37B4-4872-AADD-87120FAFBCB4}.Release|Any CPU.Build.0 = Release|Any CPU
		{D7232E39-D001-4BB2-85B8-AC4DB735F5FA}.Debug|Any CPU.ActiveCfg = Debug|Any CPU
		{D7232E39-D001-4BB2-85B8-AC4DB735F5FA}.Debug|Any CPU.Build.0 = Debug|Any CPU
		{D7232E39-D001-4BB2-85B8-AC4DB735F5FA}.Release|Any CPU.ActiveCfg = Release|Any CPU
		{D7232E39-D001-4BB2-85B8-AC4DB735F5FA}.Release|Any CPU.Build.0 = Release|Any CPU
		{DA601F48-0234-47EB-8670-D6A0F12CDB6C}.Debug|Any CPU.ActiveCfg = Debug|Any CPU
		{DA601F48-0234-47EB-8670-D6A0F12CDB6C}.Debug|Any CPU.Build.0 = Debug|Any CPU
		{DA601F48-0234-47EB-8670-D6A0F12CDB6C}.Release|Any CPU.ActiveCfg = Release|Any CPU
		{DA601F48-0234-47EB-8670-D6A0F12CDB6C}.Release|Any CPU.Build.0 = Release|Any CPU
		{B92DC53B-AC13-4E8D-9315-D4C0FE7DF2B2}.Debug|Any CPU.ActiveCfg = Debug|Any CPU
		{B92DC53B-AC13-4E8D-9315-D4C0FE7DF2B2}.Debug|Any CPU.Build.0 = Debug|Any CPU
		{B92DC53B-AC13-4E8D-9315-D4C0FE7DF2B2}.Release|Any CPU.ActiveCfg = Release|Any CPU
		{B92DC53B-AC13-4E8D-9315-D4C0FE7DF2B2}.Release|Any CPU.Build.0 = Release|Any CPU
		{9C5A96F2-75F3-458A-99D5-620224AF3794}.Debug|Any CPU.ActiveCfg = Debug|Any CPU
		{9C5A96F2-75F3-458A-99D5-620224AF3794}.Debug|Any CPU.Build.0 = Debug|Any CPU
		{9C5A96F2-75F3-458A-99D5-620224AF3794}.Release|Any CPU.ActiveCfg = Release|Any CPU
		{9C5A96F2-75F3-458A-99D5-620224AF3794}.Release|Any CPU.Build.0 = Release|Any CPU
		{31AF6E65-6091-4D58-8D6A-EE713F97C700}.Debug|Any CPU.ActiveCfg = Debug|Any CPU
		{31AF6E65-6091-4D58-8D6A-EE713F97C700}.Debug|Any CPU.Build.0 = Debug|Any CPU
		{31AF6E65-6091-4D58-8D6A-EE713F97C700}.Release|Any CPU.ActiveCfg = Release|Any CPU
		{31AF6E65-6091-4D58-8D6A-EE713F97C700}.Release|Any CPU.Build.0 = Release|Any CPU
		{DA0B5036-5C78-493E-8D2D-A8634348BFCD}.Debug|Any CPU.ActiveCfg = Debug|Any CPU
		{DA0B5036-5C78-493E-8D2D-A8634348BFCD}.Debug|Any CPU.Build.0 = Debug|Any CPU
		{DA0B5036-5C78-493E-8D2D-A8634348BFCD}.Release|Any CPU.ActiveCfg = Release|Any CPU
		{DA0B5036-5C78-493E-8D2D-A8634348BFCD}.Release|Any CPU.Build.0 = Release|Any CPU
		{1EDC391E-F85C-44A9-A80E-7B1E64D99334}.Debug|Any CPU.ActiveCfg = Debug|Any CPU
		{1EDC391E-F85C-44A9-A80E-7B1E64D99334}.Debug|Any CPU.Build.0 = Debug|Any CPU
		{1EDC391E-F85C-44A9-A80E-7B1E64D99334}.Release|Any CPU.ActiveCfg = Release|Any CPU
		{1EDC391E-F85C-44A9-A80E-7B1E64D99334}.Release|Any CPU.Build.0 = Release|Any CPU
	EndGlobalSection
	GlobalSection(SolutionProperties) = preSolution
		HideSolutionNode = FALSE
	EndGlobalSection
	GlobalSection(ExtensibilityGlobals) = postSolution
		SolutionGuid = {A802CC3D-F9F0-461F-ACDF-D95E10C9B95B}
	EndGlobalSection
EndGlobal
